{
  "name": "carballo-sap-prestashop-sync",
  "version": "0.1.0",
  "lockfileVersion": 3,
  "requires": true,
  "packages": {
    "": {
      "name": "carballo-sap-prestashop-sync",
      "version": "0.1.0",
      "dependencies": {
        "@sap/hana-client": "^2.25.29"
      },
      "devDependencies": {
        "prettier": "^3.8.4"
      }
    },
    "node_modules/@sap/hana-client": {
      "version": "2.28.22",
      "resolved": "https://registry.npmjs.org/@sap/hana-client/-/hana-client-2.28.22.tgz",
      "integrity": "sha512-LymMUnXzWTqrMtej25oT/nYEL2o7aQQUJuTASKsoJowQV2nPuRd7UXwTt7JqfbcGGFkTilqytbCOoMjfLb+mcA==",
      "hasInstallScript": true,
      "hasShrinkwrap": true,
      "license": "SEE LICENSE IN developer-license-3_2.txt",
      "dependencies": {
        "debug": "3.1.0"
      },
      "engines": {
        "node": ">=4.0.0"
      }
    },
    "node_modules/@sap/hana-client/node_modules/debug": {
      "version": "3.1.0",
      "integrity": "sha512-OX8XqP7/1a9cqkxYw2yXss15f26NKWBpDXQd0/uK/KPqdQhxbPa994hnzjcE2VqQpDslf55723cKPUOGSmMY3g==",
      "license": "MIT",
      "dependencies": {
        "ms": "2.0.0"
      }
    },
    "node_modules/@sap/hana-client/node_modules/ms": {
      "version": "2.0.0",
      "integrity": "sha512-Tpp60P6IUJDTuOq/5Z8cdskzJujfwqfOTkrwIwj7IRISpnkJnT6SyJ4PCPnGMoFjC9ddhal5KVIYtAt97ix05A==",
      "license": "MIT"
    },
    "node_modules/prettier": {
      "version": "3.8.4",
      "resolved": "https://registry.npmjs.org/prettier/-/prettier-3.8.4.tgz",
      "integrity": "sha512-N2MylSdi48+5N/6S5j+maeHbUSIzzZ5uOcX5Hm4QpV8Dkb1HFjfAKTKX6yNPJQD9AhcT3ifHNB66tWTTJDi11Q==",
      "dev": true,
      "license": "MIT",
      "bin": {
        "prettier": "bin/prettier.cjs"
      },
      "engines": {
        "node": ">=14"
      },
      "funding": {
        "url": "https://github.com/prettier/prettier?sponsor=1"
      }
    }
  }
}
